
Microsoft Visual Studio Solution File, Format Version 12.00
# Visual Studio Version 17
VisualStudioVersion = 17.1.32210.238
MinimumVisualStudioVersion = 10.0.40219.1
Project("{9A19103F-16F7-4668-BE54-9A1E7A4F7556}") = "Forosh", "Forosh\Forosh.csproj", "{A854846C-B13B-4EEB-B5FC-5E19975E3D32}"
EndProject
Global
	GlobalSection(SolutionConfigurationPlatforms) = preSolution
		Debug|Any CPU = Debug|Any CPU
		Release|Any CPU = Release|Any CPU
	EndGlobalSection
	GlobalSection(ProjectConfigurationPlatforms) = postSolution
		{A854846C-B13B-4EEB-B5FC-5E19975E3D32}.Debug|Any CPU.ActiveCfg = Debug|Any CPU
		{A854846C-B13B-4EEB-B5FC-5E19975E3D32}.Debug|Any CPU.Build.0 = Debug|Any CPU
		{A854846C-B13B-4EEB-B5FC-5E19975E3D32}.Release|Any CPU.ActiveCfg = Release|Any CPU
		{A854846C-B13B-4EEB-B5FC-5E19975E3D32}.Release|Any CPU.Build.0 = Release|Any CPU
	EndGlobalSection
	GlobalSection(SolutionProperties) = preSolution
		HideSolutionNode = FALSE
	EndGlobalSection
	GlobalSection(ExtensibilityGlobals) = postSolution
		SolutionGuid = {7B0B3D35-971D-4D86-B71A-E433E44CBF1B}
	EndGlobalSection
EndGlobal
